// !$*UTF8*$!
{
	archiveVersion = 1;
	classes = {
	};
	objectVersion = 51;
	objects = {

/* Begin PBXBuildFile section */
		682B26255E7DB268D94D0469 /* Pods_ShapeRace.framework in Frameworks */ = {isa = PBXBuildFile; fileRef = 348B76E9B1CBB25D0AC45786 /* Pods_ShapeRace.framework */; };
		D229E57F24F45217009AB681 /* WorkoutNavigationVC.swift in Sources */ = {isa = PBXBuildFile; fileRef = D229E57E24F45217009AB681 /* WorkoutNavigationVC.swift */; };
		D229E58124F45246009AB681 /* WorkoutVC.swift in Sources */ = {isa = PBXBuildFile; fileRef = D229E58024F45246009AB681 /* WorkoutVC.swift */; };
		D229E58324F4533E009AB681 /* SRTabBarController.swift in Sources */ = {isa = PBXBuildFile; fileRef = D229E58224F4533E009AB681 /* SRTabBarController.swift */; };
		D229E58524F45817009AB681 /* ProgressHUD.swift in Sources */ = {isa = PBXBuildFile; fileRef = D229E58424F45817009AB681 /* ProgressHUD.swift */; };
		D229E59324F4644A009AB681 /* FeedNavigationVC.swift in Sources */ = {isa = PBXBuildFile; fileRef = D229E58F24F46101009AB681 /* FeedNavigationVC.swift */; };
		D229E59424F4644C009AB681 /* FeedVC.swift in Sources */ = {isa = PBXBuildFile; fileRef = D229E58E24F46101009AB681 /* FeedVC.swift */; };
		D229E59524F46451009AB681 /* ProfileVC.swift in Sources */ = {isa = PBXBuildFile; fileRef = D229E59124F46103009AB681 /* ProfileVC.swift */; };
		D229E59624F46453009AB681 /* ProfileNavigationVC.swift in Sources */ = {isa = PBXBuildFile; fileRef = D229E59024F46103009AB681 /* ProfileNavigationVC.swift */; };
		D22C0D1824F26C34005776C3 /* AuthenticationOnBoardingVC+Delegate.swift in Sources */ = {isa = PBXBuildFile; fileRef = D22C0D1724F26C34005776C3 /* AuthenticationOnBoardingVC+Delegate.swift */; };
		D22C0D5324F26FBD005776C3 /* Completions.swift in Sources */ = {isa = PBXBuildFile; fileRef = D22C0D5224F26FBD005776C3 /* Completions.swift */; };
		D22C0D5524F26FFD005776C3 /* FBAuthenticationService.swift in Sources */ = {isa = PBXBuildFile; fileRef = D22C0D5424F26FFD005776C3 /* FBAuthenticationService.swift */; };
		D22C0D5724F27052005776C3 /* SRError.swift in Sources */ = {isa = PBXBuildFile; fileRef = D22C0D5624F27052005776C3 /* SRError.swift */; };
		D24A337125066B30005E4348 /* SaveWorkoutVC.swift in Sources */ = {isa = PBXBuildFile; fileRef = D24A337025066B30005E4348 /* SaveWorkoutVC.swift */; };
		D25580192509748F00FFCC0D /* GoogleService-Info.plist in Resources */ = {isa = PBXBuildFile; fileRef = D22C0D1924F26E0E005776C3 /* GoogleService-Info.plist */; };
		D255801A250974A000FFCC0D /* LaunchScreen.storyboard in Resources */ = {isa = PBXBuildFile; fileRef = D2F1B02124F5A9D6004AA160 /* LaunchScreen.storyboard */; };
		D255801B250974A300FFCC0D /* Assets.xcassets in Resources */ = {isa = PBXBuildFile; fileRef = D2CE46B024F06ED700376C81 /* Assets.xcassets */; };
		D255801D250980B100FFCC0D /* GymCenterModel.swift in Sources */ = {isa = PBXBuildFile; fileRef = D255801C250980B100FFCC0D /* GymCenterModel.swift */; };
		D2570C4D24FADDFC00BD3D24 /* TabbarService.swift in Sources */ = {isa = PBXBuildFile; fileRef = D2570C4C24FADDFC00BD3D24 /* TabbarService.swift */; };
		D2570C5324FB062100BD3D24 /* Mapbox.framework in Frameworks */ = {isa = PBXBuildFile; fileRef = D2570C4F24FAF77700BD3D24 /* Mapbox.framework */; };
		D2570C5424FB062100BD3D24 /* Mapbox.framework in Embed Frameworks */ = {isa = PBXBuildFile; fileRef = D2570C4F24FAF77700BD3D24 /* Mapbox.framework */; settings = {ATTRIBUTES = (CodeSignOnCopy, RemoveHeadersOnCopy, ); }; };
		D2570C5624FB062200BD3D24 /* MapboxMobileEvents.framework in Frameworks */ = {isa = PBXBuildFile; fileRef = D2570C5024FAF77700BD3D24 /* MapboxMobileEvents.framework */; };
		D2570C5A24FB22F000BD3D24 /* NotificationCenter+Name.swift in Sources */ = {isa = PBXBuildFile; fileRef = D2570C5924FB22F000BD3D24 /* NotificationCenter+Name.swift */; };
		D2570C5C24FB2F1700BD3D24 /* MapKit.framework in Frameworks */ = {isa = PBXBuildFile; fileRef = D2570C5B24FB2F1700BD3D24 /* MapKit.framework */; };
		D2570C6124FBA6A400BD3D24 /* PageEnableNotificationsVC copy.swift in Sources */ = {isa = PBXBuildFile; fileRef = D2570C6024FBA6A400BD3D24 /* PageEnableNotificationsVC copy.swift */; };
		D2570C6524FBB25700BD3D24 /* HealtKitService.swift in Sources */ = {isa = PBXBuildFile; fileRef = D2570C6424FBB25700BD3D24 /* HealtKitService.swift */; };
		D2570C6724FBBCAF00BD3D24 /* AuthNotificationHandlers.swift in Sources */ = {isa = PBXBuildFile; fileRef = D2570C6624FBBCAF00BD3D24 /* AuthNotificationHandlers.swift */; };
		D2570C6924FBD1F400BD3D24 /* ViewControllerSwitcher.swift in Sources */ = {isa = PBXBuildFile; fileRef = D2570C6824FBD1F400BD3D24 /* ViewControllerSwitcher.swift */; };
		D2570C6A24FBD87100BD3D24 /* HealthKit.framework in Frameworks */ = {isa = PBXBuildFile; fileRef = D2570C5E24FB2F2B00BD3D24 /* HealthKit.framework */; };
		D2570C6C24FBFB9A00BD3D24 /* WorkoutVC+UI.swift in Sources */ = {isa = PBXBuildFile; fileRef = D2570C6B24FBFB9A00BD3D24 /* WorkoutVC+UI.swift */; };
		D2570C6E24FBFBA500BD3D24 /* WorkoutVC+Actions.swift in Sources */ = {isa = PBXBuildFile; fileRef = D2570C6D24FBFBA500BD3D24 /* WorkoutVC+Actions.swift */; };
		D2570C7024FC187D00BD3D24 /* ChooseMusclePartsView.swift in Sources */ = {isa = PBXBuildFile; fileRef = D2570C6F24FC187D00BD3D24 /* ChooseMusclePartsView.swift */; };
		D2570C7224FC1A4400BD3D24 /* String+Capitalize.swift in Sources */ = {isa = PBXBuildFile; fileRef = D2570C7124FC1A4400BD3D24 /* String+Capitalize.swift */; };
		D2570C7424FC5E4C00BD3D24 /* View+Shadow.swift in Sources */ = {isa = PBXBuildFile; fileRef = D2570C7324FC5E4C00BD3D24 /* View+Shadow.swift */; };
		D286B017250BA9F800B08157 /* ChooseNearestGymLocationVC.swift in Sources */ = {isa = PBXBuildFile; fileRef = D286B016250BA9F800B08157 /* ChooseNearestGymLocationVC.swift */; };
		D286B01A250BAF7600B08157 /* ChooseNearestGym+MapDelegate.swift in Sources */ = {isa = PBXBuildFile; fileRef = D286B019250BAF7600B08157 /* ChooseNearestGym+MapDelegate.swift */; };
		D286F03A24F088F3007D887F /* FloatingPanelSetup.swift in Sources */ = {isa = PBXBuildFile; fileRef = D286F03924F088F3007D887F /* FloatingPanelSetup.swift */; };
		D286F03C24F08992007D887F /* LoginFloatingPanelVC.swift in Sources */ = {isa = PBXBuildFile; fileRef = D286F03B24F08992007D887F /* LoginFloatingPanelVC.swift */; };
		D286F03E24F089A1007D887F /* SignUpFloatingPanelVC.swift in Sources */ = {isa = PBXBuildFile; fileRef = D286F03D24F089A1007D887F /* SignUpFloatingPanelVC.swift */; };
		D286F04024F089C4007D887F /* DefaultFloatingPanelLayout.swift in Sources */ = {isa = PBXBuildFile; fileRef = D286F03F24F089C4007D887F /* DefaultFloatingPanelLayout.swift */; };
		D286F04424F08B51007D887F /* FloatingPanelService.swift in Sources */ = {isa = PBXBuildFile; fileRef = D286F04324F08B51007D887F /* FloatingPanelService.swift */; };
		D286F04724F08E5C007D887F /* UIView+RoundedCorners.swift in Sources */ = {isa = PBXBuildFile; fileRef = D286F04624F08E5C007D887F /* UIView+RoundedCorners.swift */; };
		D286F04B24F0920C007D887F /* SRTextFieldWithFloat.swift in Sources */ = {isa = PBXBuildFile; fileRef = D286F04A24F0920C007D887F /* SRTextFieldWithFloat.swift */; };
		D286F04D24F09228007D887F /* UIView+Jigger.swift in Sources */ = {isa = PBXBuildFile; fileRef = D286F04C24F09228007D887F /* UIView+Jigger.swift */; };
		D286F05024F09245007D887F /* SRColors.swift in Sources */ = {isa = PBXBuildFile; fileRef = D286F04F24F09245007D887F /* SRColors.swift */; };
		D286F05224F125F5007D887F /* AddAction.swift in Sources */ = {isa = PBXBuildFile; fileRef = D286F05124F125F5007D887F /* AddAction.swift */; };
		D286F06524F129C0007D887F /* AuthPageVC.swift in Sources */ = {isa = PBXBuildFile; fileRef = D286F06424F129C0007D887F /* AuthPageVC.swift */; };
		D286F06824F1309E007D887F /* AuthStartVC.swift in Sources */ = {isa = PBXBuildFile; fileRef = D286F06724F1309E007D887F /* AuthStartVC.swift */; };
		D286F06B24F13264007D887F /* Vibration.swift in Sources */ = {isa = PBXBuildFile; fileRef = D286F06A24F13264007D887F /* Vibration.swift */; };
		D286F06D24F1385F007D887F /* SignInAndUpVC.swift in Sources */ = {isa = PBXBuildFile; fileRef = D286F06C24F1385F007D887F /* SignInAndUpVC.swift */; };
		D291DFF324FD909B00882F39 /* TopTimerView.swift in Sources */ = {isa = PBXBuildFile; fileRef = D291DFF224FD909B00882F39 /* TopTimerView.swift */; };
		D291DFF524FDACAA00882F39 /* WorkoutTimerService.swift in Sources */ = {isa = PBXBuildFile; fileRef = D291DFF424FDACAA00882F39 /* WorkoutTimerService.swift */; };
		D291DFF724FDB27100882F39 /* Int+DatesAndTime.swift in Sources */ = {isa = PBXBuildFile; fileRef = D291DFF624FDB27100882F39 /* Int+DatesAndTime.swift */; };
		D299F86925039AB2009DA507 /* AppDelegate+Singeltons.swift in Sources */ = {isa = PBXBuildFile; fileRef = D299F86825039AB2009DA507 /* AppDelegate+Singeltons.swift */; };
		D299F86B2503EB9B009DA507 /* UIView+Anchor.swift in Sources */ = {isa = PBXBuildFile; fileRef = D299F86A2503EB9B009DA507 /* UIView+Anchor.swift */; };
		D299F86D2503EEC8009DA507 /* ImagePicker.swift in Sources */ = {isa = PBXBuildFile; fileRef = D299F86C2503EEC8009DA507 /* ImagePicker.swift */; };
		D299F86F25041B9B009DA507 /* StorageService.swift in Sources */ = {isa = PBXBuildFile; fileRef = D299F86E25041B9B009DA507 /* StorageService.swift */; };
		D299F87225041DA7009DA507 /* Storage.swift in Sources */ = {isa = PBXBuildFile; fileRef = D299F87125041DA7009DA507 /* Storage.swift */; };
		D299F87425041DCA009DA507 /* UserStorage.swift in Sources */ = {isa = PBXBuildFile; fileRef = D299F87325041DCA009DA507 /* UserStorage.swift */; };
		D299F87625041F31009DA507 /* CacheService.swift in Sources */ = {isa = PBXBuildFile; fileRef = D299F87525041F31009DA507 /* CacheService.swift */; };
		D2B3DDA624FEB2D800936014 /* WorkoutVC+Delegates.swift in Sources */ = {isa = PBXBuildFile; fileRef = D2B3DDA524FEB2D800936014 /* WorkoutVC+Delegates.swift */; };
		D2B3DDA824FEB45F00936014 /* WorkoutService.swift in Sources */ = {isa = PBXBuildFile; fileRef = D2B3DDA724FEB45F00936014 /* WorkoutService.swift */; };
		D2B3DDAA24FEEE3700936014 /* WorkoutVC+Animations.swift in Sources */ = {isa = PBXBuildFile; fileRef = D2B3DDA924FEEE3700936014 /* WorkoutVC+Animations.swift */; };
		D2BB9F22250ABA6A00BCCBB9 /* Map+Extensions.swift in Sources */ = {isa = PBXBuildFile; fileRef = D2BB9F21250ABA6A00BCCBB9 /* Map+Extensions.swift */; };
		D2BBF56F24FE5BAF0027C5B4 /* MapBoxService.swift in Sources */ = {isa = PBXBuildFile; fileRef = D2BBF56E24FE5BAF0027C5B4 /* MapBoxService.swift */; };
		D2CE46A824F06ED400376C81 /* AppDelegate.swift in Sources */ = {isa = PBXBuildFile; fileRef = D2CE46A724F06ED400376C81 /* AppDelegate.swift */; };
		D2CE46AC24F06ED400376C81 /* AuthenticationOnBoardingVC.swift in Sources */ = {isa = PBXBuildFile; fileRef = D2CE46AB24F06ED400376C81 /* AuthenticationOnBoardingVC.swift */; };
		D2CE46BC24F0708D00376C81 /* SceneDelegate.swift in Sources */ = {isa = PBXBuildFile; fileRef = D2CE46BB24F0708D00376C81 /* SceneDelegate.swift */; };
		D2CE46C424F080D500376C81 /* AuthenticationNavigationVC.swift in Sources */ = {isa = PBXBuildFile; fileRef = D2CE46C324F080D500376C81 /* AuthenticationNavigationVC.swift */; };
		D2CE46C924F0816000376C81 /* SRNavigationController.swift in Sources */ = {isa = PBXBuildFile; fileRef = D2CE46C824F0816000376C81 /* SRNavigationController.swift */; };
		D2CE46CE24F082BF00376C81 /* DefaultButton.swift in Sources */ = {isa = PBXBuildFile; fileRef = D2CE46CD24F082BF00376C81 /* DefaultButton.swift */; };
		D2D732BA24F2F213000B30A6 /* DB.swift in Sources */ = {isa = PBXBuildFile; fileRef = D2D732B924F2F213000B30A6 /* DB.swift */; };
		D2D732BC24F2F226000B30A6 /* CurrentUserDatabase.swift in Sources */ = {isa = PBXBuildFile; fileRef = D2D732BB24F2F226000B30A6 /* CurrentUserDatabase.swift */; };
		D2D732C324F2F7BE000B30A6 /* PageCreateUserDetailsInfoVC.swift in Sources */ = {isa = PBXBuildFile; fileRef = D2D732C224F2F7BE000B30A6 /* PageCreateUserDetailsInfoVC.swift */; };
		D2D7C2732502F47700A8FDE5 /* WorkoutDatabase.swift in Sources */ = {isa = PBXBuildFile; fileRef = D2D7C2722502F47700A8FDE5 /* WorkoutDatabase.swift */; };
		D2D7C2752502F4DA00A8FDE5 /* WorkoutModel.swift in Sources */ = {isa = PBXBuildFile; fileRef = D2D7C2742502F4DA00A8FDE5 /* WorkoutModel.swift */; };
		D2D7C27725030D0500A8FDE5 /* Print.swift in Sources */ = {isa = PBXBuildFile; fileRef = D2D7C27625030D0500A8FDE5 /* Print.swift */; };
		D2F0CC1B24F2C7B30053E8BD /* FirestoreService.swift in Sources */ = {isa = PBXBuildFile; fileRef = D2F0CC1A24F2C7B30053E8BD /* FirestoreService.swift */; };
		D2F0CC1E24F2CA490053E8BD /* UserModel.swift in Sources */ = {isa = PBXBuildFile; fileRef = D2F0CC1D24F2CA490053E8BD /* UserModel.swift */; };
		D2F1B01924F59641004AA160 /* PageEnablePositionVC.swift in Sources */ = {isa = PBXBuildFile; fileRef = D2F1B01824F59641004AA160 /* PageEnablePositionVC.swift */; };
		D2F1B01B24F59653004AA160 /* PageEnableAppleHealthVC.swift in Sources */ = {isa = PBXBuildFile; fileRef = D2F1B01A24F59653004AA160 /* PageEnableAppleHealthVC.swift */; };
		D2F1B02024F5A876004AA160 /* LocationManagerService.swift in Sources */ = {isa = PBXBuildFile; fileRef = D2F1B01F24F5A876004AA160 /* LocationManagerService.swift */; };
		D2FAE590250BB4FB00110A9E /* ChooseNearestGym+Tableview.swift in Sources */ = {isa = PBXBuildFile; fileRef = D2FAE58F250BB4FB00110A9E /* ChooseNearestGym+Tableview.swift */; };
		D2FAE592250BC3A400110A9E /* ChooseNearestTVC.swift in Sources */ = {isa = PBXBuildFile; fileRef = D2FAE591250BC3A400110A9E /* ChooseNearestTVC.swift */; };
		D2FAE595250CF9C700110A9E /* GymLocationAnnotation.swift in Sources */ = {isa = PBXBuildFile; fileRef = D2FAE594250CF9C700110A9E /* GymLocationAnnotation.swift */; };
		D2FAE597250D8C6400110A9E /* AlertService.swift in Sources */ = {isa = PBXBuildFile; fileRef = D2FAE596250D8C6400110A9E /* AlertService.swift */; };
		D2FAE599250E3CB300110A9E /* WorkoutTVC.swift in Sources */ = {isa = PBXBuildFile; fileRef = D2FAE598250E3CB300110A9E /* WorkoutTVC.swift */; };
		D2FAE59D250E415000110A9E /* ProfileHeaderView.swift in Sources */ = {isa = PBXBuildFile; fileRef = D2FAE59C250E415000110A9E /* ProfileHeaderView.swift */; };
		D2FAE5A0250E649A00110A9E /* UserProfileImageView.swift in Sources */ = {isa = PBXBuildFile; fileRef = D2FAE59F250E649A00110A9E /* UserProfileImageView.swift */; };
		D2FAE5A2250E6F2300110A9E /* UserWorkoutStatsView.swift in Sources */ = {isa = PBXBuildFile; fileRef = D2FAE5A1250E6F2300110A9E /* UserWorkoutStatsView.swift */; };
		D2FAE5A4250E6FD200110A9E /* UserWorkoutStatView.swift in Sources */ = {isa = PBXBuildFile; fileRef = D2FAE5A3250E6FD200110A9E /* UserWorkoutStatView.swift */; };
		D2FAE5A6250EB6A000110A9E /* MapImageService.swift in Sources */ = {isa = PBXBuildFile; fileRef = D2FAE5A5250EB6A000110A9E /* MapImageService.swift */; };
		D2FAE5A8250EB91300110A9E /* WorkoutStorage.swift in Sources */ = {isa = PBXBuildFile; fileRef = D2FAE5A7250EB91300110A9E /* WorkoutStorage.swift */; };
/* End PBXBuildFile section */

/* Begin PBXCopyFilesBuildPhase section */
		D2570C5524FB062100BD3D24 /* Embed Frameworks */ = {
			isa = PBXCopyFilesBuildPhase;
			buildActionMask = 2147483647;
			dstPath = "";
			dstSubfolderSpec = 10;
			files = (
				D2570C5424FB062100BD3D24 /* Mapbox.framework in Embed Frameworks */,
			);
			name = "Embed Frameworks";
			runOnlyForDeploymentPostprocessing = 0;
		};
/* End PBXCopyFilesBuildPhase section */

/* Begin PBXFileReference section */
		348B76E9B1CBB25D0AC45786 /* Pods_ShapeRace.framework */ = {isa = PBXFileReference; explicitFileType = wrapper.framework; includeInIndex = 0; path = Pods_ShapeRace.framework; sourceTree = BUILT_PRODUCTS_DIR; };
		6F803DFBD33D58B311BCAA0E /* Pods-ShapeRace.release.xcconfig */ = {isa = PBXFileReference; includeInIndex = 1; lastKnownFileType = text.xcconfig; name = "Pods-ShapeRace.release.xcconfig"; path = "Target Support Files/Pods-ShapeRace/Pods-ShapeRace.release.xcconfig"; sourceTree = "<group>"; };
		D229E57E24F45217009AB681 /* WorkoutNavigationVC.swift */ = {isa = PBXFileReference; lastKnownFileType = sourcecode.swift; path = WorkoutNavigationVC.swift; sourceTree = "<group>"; };
		D229E58024F45246009AB681 /* WorkoutVC.swift */ = {isa = PBXFileReference; lastKnownFileType = sourcecode.swift; path = WorkoutVC.swift; sourceTree = "<group>"; };
		D229E58224F4533E009AB681 /* SRTabBarController.swift */ = {isa = PBXFileReference; lastKnownFileType = sourcecode.swift; path = SRTabBarController.swift; sourceTree = "<group>"; };
		D229E58424F45817009AB681 /* ProgressHUD.swift */ = {isa = PBXFileReference; lastKnownFileType = sourcecode.swift; path = ProgressHUD.swift; sourceTree = "<group>"; };
		D229E58E24F46101009AB681 /* FeedVC.swift */ = {isa = PBXFileReference; lastKnownFileType = sourcecode.swift; path = FeedVC.swift; sourceTree = "<group>"; };
		D229E58F24F46101009AB681 /* FeedNavigationVC.swift */ = {isa = PBXFileReference; lastKnownFileType = sourcecode.swift; path = FeedNavigationVC.swift; sourceTree = "<group>"; };
		D229E59024F46103009AB681 /* ProfileNavigationVC.swift */ = {isa = PBXFileReference; lastKnownFileType = sourcecode.swift; path = ProfileNavigationVC.swift; sourceTree = "<group>"; };
		D229E59124F46103009AB681 /* ProfileVC.swift */ = {isa = PBXFileReference; lastKnownFileType = sourcecode.swift; path = ProfileVC.swift; sourceTree = "<group>"; };
		D22C0D1724F26C34005776C3 /* AuthenticationOnBoardingVC+Delegate.swift */ = {isa = PBXFileReference; lastKnownFileType = sourcecode.swift; path = "AuthenticationOnBoardingVC+Delegate.swift"; sourceTree = "<group>"; };
		D22C0D1924F26E0E005776C3 /* GoogleService-Info.plist */ = {isa = PBXFileReference; fileEncoding = 4; lastKnownFileType = text.plist.xml; path = "GoogleService-Info.plist"; sourceTree = "<group>"; };
		D22C0D5224F26FBD005776C3 /* Completions.swift */ = {isa = PBXFileReference; lastKnownFileType = sourcecode.swift; path = Completions.swift; sourceTree = "<group>"; };
		D22C0D5424F26FFD005776C3 /* FBAuthenticationService.swift */ = {isa = PBXFileReference; lastKnownFileType = sourcecode.swift; path = FBAuthenticationService.swift; sourceTree = "<group>"; };
		D22C0D5624F27052005776C3 /* SRError.swift */ = {isa = PBXFileReference; lastKnownFileType = sourcecode.swift; path = SRError.swift; sourceTree = "<group>"; };
		D24A337025066B30005E4348 /* SaveWorkoutVC.swift */ = {isa = PBXFileReference; lastKnownFileType = sourcecode.swift; path = SaveWorkoutVC.swift; sourceTree = "<group>"; };
		D255801C250980B100FFCC0D /* GymCenterModel.swift */ = {isa = PBXFileReference; lastKnownFileType = sourcecode.swift; path = GymCenterModel.swift; sourceTree = "<group>"; };
		D2570C4C24FADDFC00BD3D24 /* TabbarService.swift */ = {isa = PBXFileReference; lastKnownFileType = sourcecode.swift; path = TabbarService.swift; sourceTree = "<group>"; };
		D2570C4F24FAF77700BD3D24 /* Mapbox.framework */ = {isa = PBXFileReference; lastKnownFileType = wrapper.framework; path = Mapbox.framework; sourceTree = "<group>"; };
		D2570C5024FAF77700BD3D24 /* MapboxMobileEvents.framework */ = {isa = PBXFileReference; lastKnownFileType = wrapper.framework; path = MapboxMobileEvents.framework; sourceTree = "<group>"; };
		D2570C5924FB22F000BD3D24 /* NotificationCenter+Name.swift */ = {isa = PBXFileReference; lastKnownFileType = sourcecode.swift; path = "NotificationCenter+Name.swift"; sourceTree = "<group>"; };
		D2570C5B24FB2F1700BD3D24 /* MapKit.framework */ = {isa = PBXFileReference; lastKnownFileType = wrapper.framework; name = MapKit.framework; path = System/Library/Frameworks/MapKit.framework; sourceTree = SDKROOT; };
		D2570C5D24FB2F2B00BD3D24 /* Shape Race.entitlements */ = {isa = PBXFileReference; lastKnownFileType = text.plist.entitlements; path = "Shape Race.entitlements"; sourceTree = "<group>"; };
		D2570C5E24FB2F2B00BD3D24 /* HealthKit.framework */ = {isa = PBXFileReference; lastKnownFileType = wrapper.framework; name = HealthKit.framework; path = System/Library/Frameworks/HealthKit.framework; sourceTree = SDKROOT; };
		D2570C6024FBA6A400BD3D24 /* PageEnableNotificationsVC copy.swift */ = {isa = PBXFileReference; lastKnownFileType = sourcecode.swift; path = "PageEnableNotificationsVC copy.swift"; sourceTree = "<group>"; };
		D2570C6424FBB25700BD3D24 /* HealtKitService.swift */ = {isa = PBXFileReference; lastKnownFileType = sourcecode.swift; path = HealtKitService.swift; sourceTree = "<group>"; };
		D2570C6624FBBCAF00BD3D24 /* AuthNotificationHandlers.swift */ = {isa = PBXFileReference; lastKnownFileType = sourcecode.swift; path = AuthNotificationHandlers.swift; sourceTree = "<group>"; };
		D2570C6824FBD1F400BD3D24 /* ViewControllerSwitcher.swift */ = {isa = PBXFileReference; lastKnownFileType = sourcecode.swift; path = ViewControllerSwitcher.swift; sourceTree = "<group>"; };
		D2570C6B24FBFB9A00BD3D24 /* WorkoutVC+UI.swift */ = {isa = PBXFileReference; lastKnownFileType = sourcecode.swift; path = "WorkoutVC+UI.swift"; sourceTree = "<group>"; };
		D2570C6D24FBFBA500BD3D24 /* WorkoutVC+Actions.swift */ = {isa = PBXFileReference; lastKnownFileType = sourcecode.swift; path = "WorkoutVC+Actions.swift"; sourceTree = "<group>"; };
		D2570C6F24FC187D00BD3D24 /* ChooseMusclePartsView.swift */ = {isa = PBXFileReference; lastKnownFileType = sourcecode.swift; path = ChooseMusclePartsView.swift; sourceTree = "<group>"; };
		D2570C7124FC1A4400BD3D24 /* String+Capitalize.swift */ = {isa = PBXFileReference; lastKnownFileType = sourcecode.swift; path = "String+Capitalize.swift"; sourceTree = "<group>"; };
		D2570C7324FC5E4C00BD3D24 /* View+Shadow.swift */ = {isa = PBXFileReference; lastKnownFileType = sourcecode.swift; path = "View+Shadow.swift"; sourceTree = "<group>"; };
		D286B016250BA9F800B08157 /* ChooseNearestGymLocationVC.swift */ = {isa = PBXFileReference; lastKnownFileType = sourcecode.swift; path = ChooseNearestGymLocationVC.swift; sourceTree = "<group>"; };
		D286B019250BAF7600B08157 /* ChooseNearestGym+MapDelegate.swift */ = {isa = PBXFileReference; lastKnownFileType = sourcecode.swift; path = "ChooseNearestGym+MapDelegate.swift"; sourceTree = "<group>"; };
		D286F03924F088F3007D887F /* FloatingPanelSetup.swift */ = {isa = PBXFileReference; lastKnownFileType = sourcecode.swift; path = FloatingPanelSetup.swift; sourceTree = "<group>"; };
		D286F03B24F08992007D887F /* LoginFloatingPanelVC.swift */ = {isa = PBXFileReference; lastKnownFileType = sourcecode.swift; path = LoginFloatingPanelVC.swift; sourceTree = "<group>"; };
		D286F03D24F089A1007D887F /* SignUpFloatingPanelVC.swift */ = {isa = PBXFileReference; lastKnownFileType = sourcecode.swift; path = SignUpFloatingPanelVC.swift; sourceTree = "<group>"; };
		D286F03F24F089C4007D887F /* DefaultFloatingPanelLayout.swift */ = {isa = PBXFileReference; lastKnownFileType = sourcecode.swift; path = DefaultFloatingPanelLayout.swift; sourceTree = "<group>"; };
		D286F04324F08B51007D887F /* FloatingPanelService.swift */ = {isa = PBXFileReference; lastKnownFileType = sourcecode.swift; path = FloatingPanelService.swift; sourceTree = "<group>"; };
		D286F04624F08E5C007D887F /* UIView+RoundedCorners.swift */ = {isa = PBXFileReference; lastKnownFileType = sourcecode.swift; path = "UIView+RoundedCorners.swift"; sourceTree = "<group>"; };
		D286F04A24F0920C007D887F /* SRTextFieldWithFloat.swift */ = {isa = PBXFileReference; lastKnownFileType = sourcecode.swift; path = SRTextFieldWithFloat.swift; sourceTree = "<group>"; };
		D286F04C24F09228007D887F /* UIView+Jigger.swift */ = {isa = PBXFileReference; lastKnownFileType = sourcecode.swift; path = "UIView+Jigger.swift"; sourceTree = "<group>"; };
		D286F04F24F09245007D887F /* SRColors.swift */ = {isa = PBXFileReference; lastKnownFileType = sourcecode.swift; path = SRColors.swift; sourceTree = "<group>"; };
		D286F05124F125F5007D887F /* AddAction.swift */ = {isa = PBXFileReference; lastKnownFileType = sourcecode.swift; path = AddAction.swift; sourceTree = "<group>"; };
		D286F06424F129C0007D887F /* AuthPageVC.swift */ = {isa = PBXFileReference; lastKnownFileType = sourcecode.swift; path = AuthPageVC.swift; sourceTree = "<group>"; };
		D286F06724F1309E007D887F /* AuthStartVC.swift */ = {isa = PBXFileReference; lastKnownFileType = sourcecode.swift; path = AuthStartVC.swift; sourceTree = "<group>"; };
		D286F06A24F13264007D887F /* Vibration.swift */ = {isa = PBXFileReference; lastKnownFileType = sourcecode.swift; path = Vibration.swift; sourceTree = "<group>"; };
		D286F06C24F1385F007D887F /* SignInAndUpVC.swift */ = {isa = PBXFileReference; lastKnownFileType = sourcecode.swift; path = SignInAndUpVC.swift; sourceTree = "<group>"; };
		D291DFF224FD909B00882F39 /* TopTimerView.swift */ = {isa = PBXFileReference; lastKnownFileType = sourcecode.swift; path = TopTimerView.swift; sourceTree = "<group>"; };
		D291DFF424FDACAA00882F39 /* WorkoutTimerService.swift */ = {isa = PBXFileReference; lastKnownFileType = sourcecode.swift; path = WorkoutTimerService.swift; sourceTree = "<group>"; };
		D291DFF624FDB27100882F39 /* Int+DatesAndTime.swift */ = {isa = PBXFileReference; lastKnownFileType = sourcecode.swift; path = "Int+DatesAndTime.swift"; sourceTree = "<group>"; };
		D299F86825039AB2009DA507 /* AppDelegate+Singeltons.swift */ = {isa = PBXFileReference; lastKnownFileType = sourcecode.swift; path = "AppDelegate+Singeltons.swift"; sourceTree = "<group>"; };
		D299F86A2503EB9B009DA507 /* UIView+Anchor.swift */ = {isa = PBXFileReference; lastKnownFileType = sourcecode.swift; path = "UIView+Anchor.swift"; sourceTree = "<group>"; };
		D299F86C2503EEC8009DA507 /* ImagePicker.swift */ = {isa = PBXFileReference; lastKnownFileType = sourcecode.swift; path = ImagePicker.swift; sourceTree = "<group>"; };
		D299F86E25041B9B009DA507 /* StorageService.swift */ = {isa = PBXFileReference; lastKnownFileType = sourcecode.swift; path = StorageService.swift; sourceTree = "<group>"; };
		D299F87125041DA7009DA507 /* Storage.swift */ = {isa = PBXFileReference; lastKnownFileType = sourcecode.swift; path = Storage.swift; sourceTree = "<group>"; };
		D299F87325041DCA009DA507 /* UserStorage.swift */ = {isa = PBXFileReference; lastKnownFileType = sourcecode.swift; path = UserStorage.swift; sourceTree = "<group>"; };
		D299F87525041F31009DA507 /* CacheService.swift */ = {isa = PBXFileReference; lastKnownFileType = sourcecode.swift; path = CacheService.swift; sourceTree = "<group>"; };
		D2B3DDA524FEB2D800936014 /* WorkoutVC+Delegates.swift */ = {isa = PBXFileReference; lastKnownFileType = sourcecode.swift; path = "WorkoutVC+Delegates.swift"; sourceTree = "<group>"; };
		D2B3DDA724FEB45F00936014 /* WorkoutService.swift */ = {isa = PBXFileReference; lastKnownFileType = sourcecode.swift; path = WorkoutService.swift; sourceTree = "<group>"; };
		D2B3DDA924FEEE3700936014 /* WorkoutVC+Animations.swift */ = {isa = PBXFileReference; lastKnownFileType = sourcecode.swift; path = "WorkoutVC+Animations.swift"; sourceTree = "<group>"; };
		D2BB9F21250ABA6A00BCCBB9 /* Map+Extensions.swift */ = {isa = PBXFileReference; lastKnownFileType = sourcecode.swift; path = "Map+Extensions.swift"; sourceTree = "<group>"; };
		D2BBF56E24FE5BAF0027C5B4 /* MapBoxService.swift */ = {isa = PBXFileReference; lastKnownFileType = sourcecode.swift; path = MapBoxService.swift; sourceTree = "<group>"; };
		D2CE46A424F06ED400376C81 /* Shape Race.app */ = {isa = PBXFileReference; explicitFileType = wrapper.application; includeInIndex = 0; path = "Shape Race.app"; sourceTree = BUILT_PRODUCTS_DIR; };
		D2CE46A724F06ED400376C81 /* AppDelegate.swift */ = {isa = PBXFileReference; lastKnownFileType = sourcecode.swift; path = AppDelegate.swift; sourceTree = "<group>"; };
		D2CE46AB24F06ED400376C81 /* AuthenticationOnBoardingVC.swift */ = {isa = PBXFileReference; lastKnownFileType = sourcecode.swift; path = AuthenticationOnBoardingVC.swift; sourceTree = "<group>"; };
		D2CE46B024F06ED700376C81 /* Assets.xcassets */ = {isa = PBXFileReference; lastKnownFileType = folder.assetcatalog; path = Assets.xcassets; sourceTree = "<group>"; };
		D2CE46B524F06ED700376C81 /* Info.plist */ = {isa = PBXFileReference; lastKnownFileType = text.plist.xml; path = Info.plist; sourceTree = "<group>"; };
		D2CE46BB24F0708D00376C81 /* SceneDelegate.swift */ = {isa = PBXFileReference; fileEncoding = 4; lastKnownFileType = sourcecode.swift; path = SceneDelegate.swift; sourceTree = "<group>"; };
		D2CE46C324F080D500376C81 /* AuthenticationNavigationVC.swift */ = {isa = PBXFileReference; lastKnownFileType = sourcecode.swift; path = AuthenticationNavigationVC.swift; sourceTree = "<group>"; };
		D2CE46C824F0816000376C81 /* SRNavigationController.swift */ = {isa = PBXFileReference; lastKnownFileType = sourcecode.swift; path = SRNavigationController.swift; sourceTree = "<group>"; };
		D2CE46CD24F082BF00376C81 /* DefaultButton.swift */ = {isa = PBXFileReference; lastKnownFileType = sourcecode.swift; path = DefaultButton.swift; sourceTree = "<group>"; };
		D2D732B924F2F213000B30A6 /* DB.swift */ = {isa = PBXFileReference; lastKnownFileType = sourcecode.swift; path = DB.swift; sourceTree = "<group>"; };
		D2D732BB24F2F226000B30A6 /* CurrentUserDatabase.swift */ = {isa = PBXFileReference; lastKnownFileType = sourcecode.swift; path = CurrentUserDatabase.swift; sourceTree = "<group>"; };
		D2D732C224F2F7BE000B30A6 /* PageCreateUserDetailsInfoVC.swift */ = {isa = PBXFileReference; lastKnownFileType = sourcecode.swift; path = PageCreateUserDetailsInfoVC.swift; sourceTree = "<group>"; };
		D2D7C2722502F47700A8FDE5 /* WorkoutDatabase.swift */ = {isa = PBXFileReference; lastKnownFileType = sourcecode.swift; path = WorkoutDatabase.swift; sourceTree = "<group>"; };
		D2D7C2742502F4DA00A8FDE5 /* WorkoutModel.swift */ = {isa = PBXFileReference; lastKnownFileType = sourcecode.swift; path = WorkoutModel.swift; sourceTree = "<group>"; };
		D2D7C27625030D0500A8FDE5 /* Print.swift */ = {isa = PBXFileReference; lastKnownFileType = sourcecode.swift; path = Print.swift; sourceTree = "<group>"; };
		D2F0CC1A24F2C7B30053E8BD /* FirestoreService.swift */ = {isa = PBXFileReference; lastKnownFileType = sourcecode.swift; path = FirestoreService.swift; sourceTree = "<group>"; };
		D2F0CC1D24F2CA490053E8BD /* UserModel.swift */ = {isa = PBXFileReference; lastKnownFileType = sourcecode.swift; path = UserModel.swift; sourceTree = "<group>"; };
		D2F1B01824F59641004AA160 /* PageEnablePositionVC.swift */ = {isa = PBXFileReference; lastKnownFileType = sourcecode.swift; path = PageEnablePositionVC.swift; sourceTree = "<group>"; };
		D2F1B01A24F59653004AA160 /* PageEnableAppleHealthVC.swift */ = {isa = PBXFileReference; lastKnownFileType = sourcecode.swift; path = PageEnableAppleHealthVC.swift; sourceTree = "<group>"; };
		D2F1B01F24F5A876004AA160 /* LocationManagerService.swift */ = {isa = PBXFileReference; lastKnownFileType = sourcecode.swift; path = LocationManagerService.swift; sourceTree = "<group>"; };
		D2F1B02124F5A9D6004AA160 /* LaunchScreen.storyboard */ = {isa = PBXFileReference; lastKnownFileType = file.storyboard; path = LaunchScreen.storyboard; sourceTree = "<group>"; };
		D2FAE58F250BB4FB00110A9E /* ChooseNearestGym+Tableview.swift */ = {isa = PBXFileReference; lastKnownFileType = sourcecode.swift; path = "ChooseNearestGym+Tableview.swift"; sourceTree = "<group>"; };
		D2FAE591250BC3A400110A9E /* ChooseNearestTVC.swift */ = {isa = PBXFileReference; lastKnownFileType = sourcecode.swift; path = ChooseNearestTVC.swift; sourceTree = "<group>"; };
		D2FAE594250CF9C700110A9E /* GymLocationAnnotation.swift */ = {isa = PBXFileReference; lastKnownFileType = sourcecode.swift; path = GymLocationAnnotation.swift; sourceTree = "<group>"; };
		D2FAE596250D8C6400110A9E /* AlertService.swift */ = {isa = PBXFileReference; lastKnownFileType = sourcecode.swift; path = AlertService.swift; sourceTree = "<group>"; };
		D2FAE598250E3CB300110A9E /* WorkoutTVC.swift */ = {isa = PBXFileReference; lastKnownFileType = sourcecode.swift; path = WorkoutTVC.swift; sourceTree = "<group>"; };
		D2FAE59C250E415000110A9E /* ProfileHeaderView.swift */ = {isa = PBXFileReference; lastKnownFileType = sourcecode.swift; path = ProfileHeaderView.swift; sourceTree = "<group>"; };
		D2FAE59F250E649A00110A9E /* UserProfileImageView.swift */ = {isa = PBXFileReference; lastKnownFileType = sourcecode.swift; path = UserProfileImageView.swift; sourceTree = "<group>"; };
		D2FAE5A1250E6F2300110A9E /* UserWorkoutStatsView.swift */ = {isa = PBXFileReference; lastKnownFileType = sourcecode.swift; path = UserWorkoutStatsView.swift; sourceTree = "<group>"; };
		D2FAE5A3250E6FD200110A9E /* UserWorkoutStatView.swift */ = {isa = PBXFileReference; lastKnownFileType = sourcecode.swift; path = UserWorkoutStatView.swift; sourceTree = "<group>"; };
		D2FAE5A5250EB6A000110A9E /* MapImageService.swift */ = {isa = PBXFileReference; lastKnownFileType = sourcecode.swift; path = MapImageService.swift; sourceTree = "<group>"; };
		D2FAE5A7250EB91300110A9E /* WorkoutStorage.swift */ = {isa = PBXFileReference; lastKnownFileType = sourcecode.swift; path = WorkoutStorage.swift; sourceTree = "<group>"; };
		DC321CBBE44894CDBF283A97 /* Pods-ShapeRace.debug.xcconfig */ = {isa = PBXFileReference; includeInIndex = 1; lastKnownFileType = text.xcconfig; name = "Pods-ShapeRace.debug.xcconfig"; path = "Target Support Files/Pods-ShapeRace/Pods-ShapeRace.debug.xcconfig"; sourceTree = "<group>"; };
/* End PBXFileReference section */

/* Begin PBXFrameworksBuildPhase section */
		D2CE46A124F06ED400376C81 /* Frameworks */ = {
			isa = PBXFrameworksBuildPhase;
			buildActionMask = 2147483647;
			files = (
				D2570C5624FB062200BD3D24 /* MapboxMobileEvents.framework in Frameworks */,
				682B26255E7DB268D94D0469 /* Pods_ShapeRace.framework in Frameworks */,
				D2570C5C24FB2F1700BD3D24 /* MapKit.framework in Frameworks */,
				D2570C5324FB062100BD3D24 /* Mapbox.framework in Frameworks */,
				D2570C6A24FBD87100BD3D24 /* HealthKit.framework in Frameworks */,
			);
			runOnlyForDeploymentPostprocessing = 0;
		};
/* End PBXFrameworksBuildPhase section */

/* Begin PBXGroup section */
		CB39CC4CA676F0CF879A8420 /* Pods */ = {
			isa = PBXGroup;
			children = (
				DC321CBBE44894CDBF283A97 /* Pods-ShapeRace.debug.xcconfig */,
				6F803DFBD33D58B311BCAA0E /* Pods-ShapeRace.release.xcconfig */,
			);
			path = Pods;
			sourceTree = "<group>";
		};
		CC8DA145D1DC477D2124498F /* Frameworks */ = {
			isa = PBXGroup;
			children = (
				D2570C5E24FB2F2B00BD3D24 /* HealthKit.framework */,
				D2570C5B24FB2F1700BD3D24 /* MapKit.framework */,
				D2570C4F24FAF77700BD3D24 /* Mapbox.framework */,
				D2570C5024FAF77700BD3D24 /* MapboxMobileEvents.framework */,
				348B76E9B1CBB25D0AC45786 /* Pods_ShapeRace.framework */,
			);
			name = Frameworks;
			sourceTree = "<group>";
		};
		D229E57A24F451DB009AB681 /* WorkoutView */ = {
			isa = PBXGroup;
			children = (
				D2D7C2782503983A00A8FDE5 /* Service */,
				D229E57C24F45202009AB681 /* Model */,
				D229E57D24F45202009AB681 /* View */,
				D229E57B24F45202009AB681 /* Controller */,
			);
			path = WorkoutView;
			sourceTree = "<group>";
		};
		D229E57B24F45202009AB681 /* Controller */ = {
			isa = PBXGroup;
			children = (
				D229E58024F45246009AB681 /* WorkoutVC.swift */,
				D2570C6B24FBFB9A00BD3D24 /* WorkoutVC+UI.swift */,
				D2570C6D24FBFBA500BD3D24 /* WorkoutVC+Actions.swift */,
				D2B3DDA924FEEE3700936014 /* WorkoutVC+Animations.swift */,
				D2B3DDA524FEB2D800936014 /* WorkoutVC+Delegates.swift */,
				D229E57E24F45217009AB681 /* WorkoutNavigationVC.swift */,
			);
			path = Controller;
			sourceTree = "<group>";
		};
		D229E57C24F45202009AB681 /* Model */ = {
			isa = PBXGroup;
			children = (
				D2D7C2742502F4DA00A8FDE5 /* WorkoutModel.swift */,
				D255801C250980B100FFCC0D /* GymCenterModel.swift */,
			);
			path = Model;
			sourceTree = "<group>";
		};
		D229E57D24F45202009AB681 /* View */ = {
			isa = PBXGroup;
			children = (
				D2570C6F24FC187D00BD3D24 /* ChooseMusclePartsView.swift */,
				D291DFF224FD909B00882F39 /* TopTimerView.swift */,
			);
			path = View;
			sourceTree = "<group>";
		};
		D229E58624F460C2009AB681 /* ProfileView */ = {
			isa = PBXGroup;
			children = (
				D229E58924F460EF009AB681 /* Model */,
				D229E58A24F460EF009AB681 /* View */,
				D229E58824F460EF009AB681 /* Controller */,
			);
			path = ProfileView;
			sourceTree = "<group>";
		};
		D229E58724F460D8009AB681 /* FeedView */ = {
			isa = PBXGroup;
			children = (
				D229E58D24F460F1009AB681 /* Model */,
				D229E58B24F460F1009AB681 /* View */,
				D229E58C24F460F1009AB681 /* Controller */,
			);
			path = FeedView;
			sourceTree = "<group>";
		};
		D229E58824F460EF009AB681 /* Controller */ = {
			isa = PBXGroup;
			children = (
				D229E59124F46103009AB681 /* ProfileVC.swift */,
				D229E59024F46103009AB681 /* ProfileNavigationVC.swift */,
			);
			path = Controller;
			sourceTree = "<group>";
		};
		D229E58924F460EF009AB681 /* Model */ = {
			isa = PBXGroup;
			children = (
				D2F0CC1D24F2CA490053E8BD /* UserModel.swift */,
			);
			path = Model;
			sourceTree = "<group>";
		};
		D229E58A24F460EF009AB681 /* View */ = {
			isa = PBXGroup;
			children = (
				D2FAE598250E3CB300110A9E /* WorkoutTVC.swift */,
				D2FAE59C250E415000110A9E /* ProfileHeaderView.swift */,
				D2FAE5A1250E6F2300110A9E /* UserWorkoutStatsView.swift */,
				D2FAE5A3250E6FD200110A9E /* UserWorkoutStatView.swift */,
			);
			path = View;
			sourceTree = "<group>";
		};
		D229E58B24F460F1009AB681 /* View */ = {
			isa = PBXGroup;
			children = (
			);
			path = View;
			sourceTree = "<group>";
		};
		D229E58C24F460F1009AB681 /* Controller */ = {
			isa = PBXGroup;
			children = (
				D229E58E24F46101009AB681 /* FeedVC.swift */,
				D229E58F24F46101009AB681 /* FeedNavigationVC.swift */,
			);
			path = Controller;
			sourceTree = "<group>";
		};
		D229E58D24F460F1009AB681 /* Model */ = {
			isa = PBXGroup;
			children = (
			);
			path = Model;
			sourceTree = "<group>";
		};
		D22C0D1B24F26F15005776C3 /* Firebase */ = {
			isa = PBXGroup;
			children = (
				D22C0D3524F26F29005776C3 /* Auth */,
				D22C0D3324F26F29005776C3 /* Extensions */,
				D22C0D1C24F26F29005776C3 /* Firestore */,
				D299F87025041D97009DA507 /* Storage */,
				D22C0D3724F26F29005776C3 /* Service */,
			);
			path = Firebase;
			sourceTree = "<group>";
		};
		D22C0D1C24F26F29005776C3 /* Firestore */ = {
			isa = PBXGroup;
			children = (
				D2D732B924F2F213000B30A6 /* DB.swift */,
				D2D732BB24F2F226000B30A6 /* CurrentUserDatabase.swift */,
				D2D7C2722502F47700A8FDE5 /* WorkoutDatabase.swift */,
			);
			path = Firestore;
			sourceTree = "<group>";
		};
		D22C0D3324F26F29005776C3 /* Extensions */ = {
			isa = PBXGroup;
			children = (
			);
			path = Extensions;
			sourceTree = "<group>";
		};
		D22C0D3524F26F29005776C3 /* Auth */ = {
			isa = PBXGroup;
			children = (
				D22C0D5424F26FFD005776C3 /* FBAuthenticationService.swift */,
			);
			path = Auth;
			sourceTree = "<group>";
		};
		D22C0D3724F26F29005776C3 /* Service */ = {
			isa = PBXGroup;
			children = (
				D2F0CC1A24F2C7B30053E8BD /* FirestoreService.swift */,
				D299F86E25041B9B009DA507 /* StorageService.swift */,
				D299F87525041F31009DA507 /* CacheService.swift */,
			);
			path = Service;
			sourceTree = "<group>";
		};
		D22C0D5124F26FAF005776C3 /* Completions */ = {
			isa = PBXGroup;
			children = (
				D22C0D5224F26FBD005776C3 /* Completions.swift */,
			);
			path = Completions;
			sourceTree = "<group>";
		};
		D24A336025066AED005E4348 /* SaveWorkoutView */ = {
			isa = PBXGroup;
			children = (
				D24A336125066AFD005E4348 /* Model */,
				D24A336D25066AFF005E4348 /* View */,
				D24A336625066AFE005E4348 /* Controller */,
			);
			path = SaveWorkoutView;
			sourceTree = "<group>";
		};
		D24A336125066AFD005E4348 /* Model */ = {
			isa = PBXGroup;
			children = (
			);
			path = Model;
			sourceTree = "<group>";
		};
		D24A336625066AFE005E4348 /* Controller */ = {
			isa = PBXGroup;
			children = (
				D286B018250BAF5C00B08157 /* ChooseNearestGym */,
				D24A337025066B30005E4348 /* SaveWorkoutVC.swift */,
			);
			path = Controller;
			sourceTree = "<group>";
		};
		D24A336D25066AFF005E4348 /* View */ = {
			isa = PBXGroup;
			children = (
				D2FAE591250BC3A400110A9E /* ChooseNearestTVC.swift */,
			);
			path = View;
			sourceTree = "<group>";
		};
		D2570C5824FB22BD00BD3D24 /* Controllers */ = {
			isa = PBXGroup;
			children = (
				D2CE46C724F0814800376C81 /* SRTabController */,
				D2CE46C624F0813C00376C81 /* SRNavigationController */,
			);
			path = Controllers;
			sourceTree = "<group>";
		};
		D286B018250BAF5C00B08157 /* ChooseNearestGym */ = {
			isa = PBXGroup;
			children = (
				D286B016250BA9F800B08157 /* ChooseNearestGymLocationVC.swift */,
				D286B019250BAF7600B08157 /* ChooseNearestGym+MapDelegate.swift */,
				D2FAE58F250BB4FB00110A9E /* ChooseNearestGym+Tableview.swift */,
			);
			path = ChooseNearestGym;
			sourceTree = "<group>";
		};
		D286F03024F0887F007D887F /* Shared */ = {
			isa = PBXGroup;
			children = (
				D2FAE593250CF9A800110A9E /* Mapbox */,
				D2570C5824FB22BD00BD3D24 /* Controllers */,
				D2F1B01E24F5A86B004AA160 /* Services */,
				D2F0CC1C24F2CA3C0053E8BD /* Model */,
				D22C0D5124F26FAF005776C3 /* Completions */,
				D286F04E24F0923D007D887F /* Style */,
				D286F06924F1325A007D887F /* Enums */,
				D286F04524F08E50007D887F /* Extensions */,
				D2CE46CC24F082B100376C81 /* Views */,
			);
			path = Shared;
			sourceTree = "<group>";
		};
		D286F03124F0888A007D887F /* FloatingPanels */ = {
			isa = PBXGroup;
			children = (
				D286F03824F088D7007D887F /* Setup */,
				D286F03224F088A8007D887F /* Controllers */,
				D286F03524F088A8007D887F /* Layouts */,
			);
			path = FloatingPanels;
			sourceTree = "<group>";
		};
		D286F03224F088A8007D887F /* Controllers */ = {
			isa = PBXGroup;
			children = (
				D286F03B24F08992007D887F /* LoginFloatingPanelVC.swift */,
				D286F03D24F089A1007D887F /* SignUpFloatingPanelVC.swift */,
			);
			path = Controllers;
			sourceTree = "<group>";
		};
		D286F03524F088A8007D887F /* Layouts */ = {
			isa = PBXGroup;
			children = (
				D286F03F24F089C4007D887F /* DefaultFloatingPanelLayout.swift */,
			);
			path = Layouts;
			sourceTree = "<group>";
		};
		D286F03824F088D7007D887F /* Setup */ = {
			isa = PBXGroup;
			children = (
				D286F03924F088F3007D887F /* FloatingPanelSetup.swift */,
				D286F04324F08B51007D887F /* FloatingPanelService.swift */,
			);
			path = Setup;
			sourceTree = "<group>";
		};
		D286F04524F08E50007D887F /* Extensions */ = {
			isa = PBXGroup;
			children = (
				D2570C5924FB22F000BD3D24 /* NotificationCenter+Name.swift */,
				D22C0D5624F27052005776C3 /* SRError.swift */,
				D286F04624F08E5C007D887F /* UIView+RoundedCorners.swift */,
				D286F04C24F09228007D887F /* UIView+Jigger.swift */,
				D286F05124F125F5007D887F /* AddAction.swift */,
				D2570C7124FC1A4400BD3D24 /* String+Capitalize.swift */,
				D291DFF624FDB27100882F39 /* Int+DatesAndTime.swift */,
				D2D7C27625030D0500A8FDE5 /* Print.swift */,
				D299F86A2503EB9B009DA507 /* UIView+Anchor.swift */,
				D2BB9F21250ABA6A00BCCBB9 /* Map+Extensions.swift */,
			);
			path = Extensions;
			sourceTree = "<group>";
		};
		D286F04824F091EA007D887F /* Buttons */ = {
			isa = PBXGroup;
			children = (
				D2CE46CD24F082BF00376C81 /* DefaultButton.swift */,
			);
			path = Buttons;
			sourceTree = "<group>";
		};
		D286F04924F091F5007D887F /* TextField */ = {
			isa = PBXGroup;
			children = (
				D286F04A24F0920C007D887F /* SRTextFieldWithFloat.swift */,
			);
			path = TextField;
			sourceTree = "<group>";
		};
		D286F04E24F0923D007D887F /* Style */ = {
			isa = PBXGroup;
			children = (
				D2570C7324FC5E4C00BD3D24 /* View+Shadow.swift */,
				D286F04F24F09245007D887F /* SRColors.swift */,
				D229E58424F45817009AB681 /* ProgressHUD.swift */,
			);
			path = Style;
			sourceTree = "<group>";
		};
		D286F05324F12657007D887F /* Home */ = {
			isa = PBXGroup;
			children = (
				D2CE46C224F080AB00376C81 /* Model */,
				D2CE46C124F080A400376C81 /* View */,
				D2CE46C024F0809E00376C81 /* Controller */,
			);
			path = Home;
			sourceTree = "<group>";
		};
		D286F06624F129D0007D887F /* OnboardingPageVC */ = {
			isa = PBXGroup;
			children = (
				D286F06424F129C0007D887F /* AuthPageVC.swift */,
				D2F1B01D24F5A7FE004AA160 /* Actions */,
				D2D732BD24F2F75E000B30A6 /* Pages */,
			);
			path = OnboardingPageVC;
			sourceTree = "<group>";
		};
		D286F06924F1325A007D887F /* Enums */ = {
			isa = PBXGroup;
			children = (
				D286F06A24F13264007D887F /* Vibration.swift */,
			);
			path = Enums;
			sourceTree = "<group>";
		};
		D299F87025041D97009DA507 /* Storage */ = {
			isa = PBXGroup;
			children = (
				D299F87125041DA7009DA507 /* Storage.swift */,
				D299F87325041DCA009DA507 /* UserStorage.swift */,
				D2FAE5A7250EB91300110A9E /* WorkoutStorage.swift */,
			);
			path = Storage;
			sourceTree = "<group>";
		};
		D2CE469B24F06ED400376C81 = {
			isa = PBXGroup;
			children = (
				D2CE46A624F06ED400376C81 /* ShapeRace */,
				D2CE46A524F06ED400376C81 /* Products */,
				CB39CC4CA676F0CF879A8420 /* Pods */,
				CC8DA145D1DC477D2124498F /* Frameworks */,
			);
			sourceTree = "<group>";
		};
		D2CE46A524F06ED400376C81 /* Products */ = {
			isa = PBXGroup;
			children = (
				D2CE46A424F06ED400376C81 /* Shape Race.app */,
			);
			name = Products;
			sourceTree = "<group>";
		};
		D2CE46A624F06ED400376C81 /* ShapeRace */ = {
			isa = PBXGroup;
			children = (
				D2570C5D24FB2F2B00BD3D24 /* Shape Race.entitlements */,
				D286F03024F0887F007D887F /* Shared */,
				D2CE46BE24F07F1500376C81 /* Screens */,
				D22C0D1B24F26F15005776C3 /* Firebase */,
				D2CE46BD24F07F0300376C81 /* AppDelegate */,
				D2CE46B024F06ED700376C81 /* Assets.xcassets */,
				D2F1B02124F5A9D6004AA160 /* LaunchScreen.storyboard */,
				D22C0D1924F26E0E005776C3 /* GoogleService-Info.plist */,
				D2CE46B524F06ED700376C81 /* Info.plist */,
			);
			path = ShapeRace;
			sourceTree = "<group>";
		};
		D2CE46BD24F07F0300376C81 /* AppDelegate */ = {
			isa = PBXGroup;
			children = (
				D2CE46A724F06ED400376C81 /* AppDelegate.swift */,
				D2CE46BB24F0708D00376C81 /* SceneDelegate.swift */,
				D299F86825039AB2009DA507 /* AppDelegate+Singeltons.swift */,
			);
			path = AppDelegate;
			sourceTree = "<group>";
		};
		D2CE46BE24F07F1500376C81 /* Screens */ = {
			isa = PBXGroup;
			children = (
				D2CE46BF24F07F2400376C81 /* Authentications */,
				D229E58724F460D8009AB681 /* FeedView */,
				D24A336025066AED005E4348 /* SaveWorkoutView */,
				D229E57A24F451DB009AB681 /* WorkoutView */,
				D229E58624F460C2009AB681 /* ProfileView */,
			);
			path = Screens;
			sourceTree = "<group>";
		};
		D2CE46BF24F07F2400376C81 /* Authentications */ = {
			isa = PBXGroup;
			children = (
				D286F05324F12657007D887F /* Home */,
				D286F06624F129D0007D887F /* OnboardingPageVC */,
			);
			path = Authentications;
			sourceTree = "<group>";
		};
		D2CE46C024F0809E00376C81 /* Controller */ = {
			isa = PBXGroup;
			children = (
				D2CE46C324F080D500376C81 /* AuthenticationNavigationVC.swift */,
			);
			path = Controller;
			sourceTree = "<group>";
		};
		D2CE46C124F080A400376C81 /* View */ = {
			isa = PBXGroup;
			children = (
			);
			path = View;
			sourceTree = "<group>";
		};
		D2CE46C224F080AB00376C81 /* Model */ = {
			isa = PBXGroup;
			children = (
			);
			path = Model;
			sourceTree = "<group>";
		};
		D2CE46C624F0813C00376C81 /* SRNavigationController */ = {
			isa = PBXGroup;
			children = (
				D2CE46C824F0816000376C81 /* SRNavigationController.swift */,
			);
			path = SRNavigationController;
			sourceTree = "<group>";
		};
		D2CE46C724F0814800376C81 /* SRTabController */ = {
			isa = PBXGroup;
			children = (
				D229E58224F4533E009AB681 /* SRTabBarController.swift */,
				D2570C4C24FADDFC00BD3D24 /* TabbarService.swift */,
			);
			path = SRTabController;
			sourceTree = "<group>";
		};
		D2CE46CC24F082B100376C81 /* Views */ = {
			isa = PBXGroup;
			children = (
				D2FAE59E250E648500110A9E /* ImageView */,
				D286F03124F0888A007D887F /* FloatingPanels */,
				D286F04924F091F5007D887F /* TextField */,
				D286F04824F091EA007D887F /* Buttons */,
			);
			path = Views;
			sourceTree = "<group>";
		};
		D2D732BD24F2F75E000B30A6 /* Pages */ = {
			isa = PBXGroup;
			children = (
				D286F06724F1309E007D887F /* AuthStartVC.swift */,
				D286F06C24F1385F007D887F /* SignInAndUpVC.swift */,
				D2D732C224F2F7BE000B30A6 /* PageCreateUserDetailsInfoVC.swift */,
				D2F1B01824F59641004AA160 /* PageEnablePositionVC.swift */,
				D2570C6024FBA6A400BD3D24 /* PageEnableNotificationsVC copy.swift */,
				D2F1B01A24F59653004AA160 /* PageEnableAppleHealthVC.swift */,
			);
			path = Pages;
			sourceTree = "<group>";
		};
		D2D7C2782503983A00A8FDE5 /* Service */ = {
			isa = PBXGroup;
			children = (
				D291DFF424FDACAA00882F39 /* WorkoutTimerService.swift */,
				D2B3DDA724FEB45F00936014 /* WorkoutService.swift */,
			);
			path = Service;
			sourceTree = "<group>";
		};
		D2F0CC1C24F2CA3C0053E8BD /* Model */ = {
			isa = PBXGroup;
			children = (
			);
			path = Model;
			sourceTree = "<group>";
		};
		D2F1B01D24F5A7FE004AA160 /* Actions */ = {
			isa = PBXGroup;
			children = (
				D2CE46AB24F06ED400376C81 /* AuthenticationOnBoardingVC.swift */,
				D22C0D1724F26C34005776C3 /* AuthenticationOnBoardingVC+Delegate.swift */,
				D2570C6624FBBCAF00BD3D24 /* AuthNotificationHandlers.swift */,
				D2570C6824FBD1F400BD3D24 /* ViewControllerSwitcher.swift */,
			);
			path = Actions;
			sourceTree = "<group>";
		};
		D2F1B01E24F5A86B004AA160 /* Services */ = {
			isa = PBXGroup;
			children = (
				D2F1B01F24F5A876004AA160 /* LocationManagerService.swift */,
				D2570C6424FBB25700BD3D24 /* HealtKitService.swift */,
				D299F86C2503EEC8009DA507 /* ImagePicker.swift */,
				D2FAE596250D8C6400110A9E /* AlertService.swift */,
				D2FAE5A5250EB6A000110A9E /* MapImageService.swift */,
			);
			path = Services;
			sourceTree = "<group>";
		};
		D2FAE593250CF9A800110A9E /* Mapbox */ = {
			isa = PBXGroup;
			children = (
				D2BBF56E24FE5BAF0027C5B4 /* MapBoxService.swift */,
				D2FAE594250CF9C700110A9E /* GymLocationAnnotation.swift */,
			);
			path = Mapbox;
			sourceTree = "<group>";
		};
		D2FAE59E250E648500110A9E /* ImageView */ = {
			isa = PBXGroup;
			children = (
				D2FAE59F250E649A00110A9E /* UserProfileImageView.swift */,
			);
			path = ImageView;
			sourceTree = "<group>";
		};
/* End PBXGroup section */

/* Begin PBXNativeTarget section */
		D2CE46A324F06ED400376C81 /* ShapeRace */ = {
			isa = PBXNativeTarget;
			buildConfigurationList = D2CE46B824F06ED700376C81 /* Build configuration list for PBXNativeTarget "ShapeRace" */;
			buildPhases = (
				CC8FE3107B7083467E66935B /* [CP] Check Pods Manifest.lock */,
				D2CE46A024F06ED400376C81 /* Sources */,
				D2CE46A124F06ED400376C81 /* Frameworks */,
				D2CE46A224F06ED400376C81 /* Resources */,
				D69CCE161614B66275993BCC /* [CP] Embed Pods Frameworks */,
				D2570C5524FB062100BD3D24 /* Embed Frameworks */,
			);
			buildRules = (
			);
			dependencies = (
			);
			name = ShapeRace;
			productName = "Shape Race";
			productReference = D2CE46A424F06ED400376C81 /* Shape Race.app */;
			productType = "com.apple.product-type.application";
		};
/* End PBXNativeTarget section */

/* Begin PBXProject section */
		D2CE469C24F06ED400376C81 /* Project object */ = {
			isa = PBXProject;
			attributes = {
				LastSwiftUpdateCheck = 1160;
				LastUpgradeCheck = 1200;
				ORGANIZATIONNAME = "Kristoffer Knape";
				TargetAttributes = {
					D2CE46A324F06ED400376C81 = {
						CreatedOnToolsVersion = 11.6;
					};
				};
			};
			buildConfigurationList = D2CE469F24F06ED400376C81 /* Build configuration list for PBXProject "ShapeRace" */;
			compatibilityVersion = "Xcode 9.3";
			developmentRegion = en;
			hasScannedForEncodings = 0;
			knownRegions = (
				en,
				Base,
			);
			mainGroup = D2CE469B24F06ED400376C81;
			productRefGroup = D2CE46A524F06ED400376C81 /* Products */;
			projectDirPath = "";
			projectRoot = "";
			targets = (
				D2CE46A324F06ED400376C81 /* ShapeRace */,
			);
		};
/* End PBXProject section */

/* Begin PBXResourcesBuildPhase section */
		D2CE46A224F06ED400376C81 /* Resources */ = {
			isa = PBXResourcesBuildPhase;
			buildActionMask = 2147483647;
			files = (
				D25580192509748F00FFCC0D /* GoogleService-Info.plist in Resources */,
				D255801B250974A300FFCC0D /* Assets.xcassets in Resources */,
				D255801A250974A000FFCC0D /* LaunchScreen.storyboard in Resources */,
			);
			runOnlyForDeploymentPostprocessing = 0;
		};
/* End PBXResourcesBuildPhase section */

/* Begin PBXShellScriptBuildPhase section */
		CC8FE3107B7083467E66935B /* [CP] Check Pods Manifest.lock */ = {
			isa = PBXShellScriptBuildPhase;
			buildActionMask = 2147483647;
			files = (
			);
			inputFileListPaths = (
			);
			inputPaths = (
				"${PODS_PODFILE_DIR_PATH}/Podfile.lock",
				"${PODS_ROOT}/Manifest.lock",
			);
			name = "[CP] Check Pods Manifest.lock";
			outputFileListPaths = (
			);
			outputPaths = (
				"$(DERIVED_FILE_DIR)/Pods-ShapeRace-checkManifestLockResult.txt",
			);
			runOnlyForDeploymentPostprocessing = 0;
			shellPath = /bin/sh;
			shellScript = "diff \"${PODS_PODFILE_DIR_PATH}/Podfile.lock\" \"${PODS_ROOT}/Manifest.lock\" > /dev/null\nif [ $? != 0 ] ; then\n    # print error to STDERR\n    echo \"error: The sandbox is not in sync with the Podfile.lock. Run 'pod install' or update your CocoaPods installation.\" >&2\n    exit 1\nfi\n# This output is used by Xcode 'outputs' to avoid re-running this script phase.\necho \"SUCCESS\" > \"${SCRIPT_OUTPUT_FILE_0}\"\n";
			showEnvVarsInLog = 0;
		};
		D69CCE161614B66275993BCC /* [CP] Embed Pods Frameworks */ = {
			isa = PBXShellScriptBuildPhase;
			buildActionMask = 2147483647;
			files = (
			);
			inputFileListPaths = (
				"${PODS_ROOT}/Target Support Files/Pods-ShapeRace/Pods-ShapeRace-frameworks-${CONFIGURATION}-input-files.xcfilelist",
			);
			name = "[CP] Embed Pods Frameworks";
			outputFileListPaths = (
				"${PODS_ROOT}/Target Support Files/Pods-ShapeRace/Pods-ShapeRace-frameworks-${CONFIGURATION}-output-files.xcfilelist",
			);
			runOnlyForDeploymentPostprocessing = 0;
			shellPath = /bin/sh;
			shellScript = "\"${PODS_ROOT}/Target Support Files/Pods-ShapeRace/Pods-ShapeRace-frameworks.sh\"\n";
			showEnvVarsInLog = 0;
		};
/* End PBXShellScriptBuildPhase section */

/* Begin PBXSourcesBuildPhase section */
		D2CE46A024F06ED400376C81 /* Sources */ = {
			isa = PBXSourcesBuildPhase;
			buildActionMask = 2147483647;
			files = (
				D22C0D1824F26C34005776C3 /* AuthenticationOnBoardingVC+Delegate.swift in Sources */,
				D2F0CC1B24F2C7B30053E8BD /* FirestoreService.swift in Sources */,
				D291DFF724FDB27100882F39 /* Int+DatesAndTime.swift in Sources */,
				D286F05024F09245007D887F /* SRColors.swift in Sources */,
				D2FAE592250BC3A400110A9E /* ChooseNearestTVC.swift in Sources */,
				D299F86925039AB2009DA507 /* AppDelegate+Singeltons.swift in Sources */,
				D22C0D5524F26FFD005776C3 /* FBAuthenticationService.swift in Sources */,
				D2570C5A24FB22F000BD3D24 /* NotificationCenter+Name.swift in Sources */,
				D229E57F24F45217009AB681 /* WorkoutNavigationVC.swift in Sources */,
				D255801D250980B100FFCC0D /* GymCenterModel.swift in Sources */,
				D229E58524F45817009AB681 /* ProgressHUD.swift in Sources */,
				D286B017250BA9F800B08157 /* ChooseNearestGymLocationVC.swift in Sources */,
				D286F05224F125F5007D887F /* AddAction.swift in Sources */,
				D286F03A24F088F3007D887F /* FloatingPanelSetup.swift in Sources */,
				D286F06D24F1385F007D887F /* SignInAndUpVC.swift in Sources */,
				D2CE46C424F080D500376C81 /* AuthenticationNavigationVC.swift in Sources */,
				D2570C6524FBB25700BD3D24 /* HealtKitService.swift in Sources */,
				D2FAE5A6250EB6A000110A9E /* MapImageService.swift in Sources */,
				D22C0D5724F27052005776C3 /* SRError.swift in Sources */,
				D229E59624F46453009AB681 /* ProfileNavigationVC.swift in Sources */,
				D2FAE5A0250E649A00110A9E /* UserProfileImageView.swift in Sources */,
				D291DFF324FD909B00882F39 /* TopTimerView.swift in Sources */,
				D299F87425041DCA009DA507 /* UserStorage.swift in Sources */,
				D2570C6124FBA6A400BD3D24 /* PageEnableNotificationsVC copy.swift in Sources */,
				D2CE46AC24F06ED400376C81 /* AuthenticationOnBoardingVC.swift in Sources */,
				D2570C7424FC5E4C00BD3D24 /* View+Shadow.swift in Sources */,
				D299F86F25041B9B009DA507 /* StorageService.swift in Sources */,
				D2FAE5A8250EB91300110A9E /* WorkoutStorage.swift in Sources */,
				D2570C6E24FBFBA500BD3D24 /* WorkoutVC+Actions.swift in Sources */,
				D229E59524F46451009AB681 /* ProfileVC.swift in Sources */,
				D299F87225041DA7009DA507 /* Storage.swift in Sources */,
				D229E59324F4644A009AB681 /* FeedNavigationVC.swift in Sources */,
				D2570C7224FC1A4400BD3D24 /* String+Capitalize.swift in Sources */,
				D286F04D24F09228007D887F /* UIView+Jigger.swift in Sources */,
				D2FAE590250BB4FB00110A9E /* ChooseNearestGym+Tableview.swift in Sources */,
				D286F03C24F08992007D887F /* LoginFloatingPanelVC.swift in Sources */,
				D2D7C2752502F4DA00A8FDE5 /* WorkoutModel.swift in Sources */,
				D286F03E24F089A1007D887F /* SignUpFloatingPanelVC.swift in Sources */,
				D2FAE595250CF9C700110A9E /* GymLocationAnnotation.swift in Sources */,
				D229E58324F4533E009AB681 /* SRTabBarController.swift in Sources */,
				D2CE46CE24F082BF00376C81 /* DefaultButton.swift in Sources */,
				D2F1B01B24F59653004AA160 /* PageEnableAppleHealthVC.swift in Sources */,
				D286F04424F08B51007D887F /* FloatingPanelService.swift in Sources */,
				D286F04724F08E5C007D887F /* UIView+RoundedCorners.swift in Sources */,
				D22C0D5324F26FBD005776C3 /* Completions.swift in Sources */,
				D2D732C324F2F7BE000B30A6 /* PageCreateUserDetailsInfoVC.swift in Sources */,
				D229E59424F4644C009AB681 /* FeedVC.swift in Sources */,
				D2FAE59D250E415000110A9E /* ProfileHeaderView.swift in Sources */,
				D2FAE597250D8C6400110A9E /* AlertService.swift in Sources */,
				D2F1B01924F59641004AA160 /* PageEnablePositionVC.swift in Sources */,
				D286F04024F089C4007D887F /* DefaultFloatingPanelLayout.swift in Sources */,
				D2F1B02024F5A876004AA160 /* LocationManagerService.swift in Sources */,
				D2B3DDA624FEB2D800936014 /* WorkoutVC+Delegates.swift in Sources */,
				D2BB9F22250ABA6A00BCCBB9 /* Map+Extensions.swift in Sources */,
				D291DFF524FDACAA00882F39 /* WorkoutTimerService.swift in Sources */,
				D2F0CC1E24F2CA490053E8BD /* UserModel.swift in Sources */,
				D286F06B24F13264007D887F /* Vibration.swift in Sources */,
				D2D732BA24F2F213000B30A6 /* DB.swift in Sources */,
				D299F86B2503EB9B009DA507 /* UIView+Anchor.swift in Sources */,
				D299F86D2503EEC8009DA507 /* ImagePicker.swift in Sources */,
				D24A337125066B30005E4348 /* SaveWorkoutVC.swift in Sources */,
				D2FAE5A2250E6F2300110A9E /* UserWorkoutStatsView.swift in Sources */,
				D2570C7024FC187D00BD3D24 /* ChooseMusclePartsView.swift in Sources */,
				D299F87625041F31009DA507 /* CacheService.swift in Sources */,
				D286F06524F129C0007D887F /* AuthPageVC.swift in Sources */,
				D2D7C27725030D0500A8FDE5 /* Print.swift in Sources */,
				D286F06824F1309E007D887F /* AuthStartVC.swift in Sources */,
				D2FAE5A4250E6FD200110A9E /* UserWorkoutStatView.swift in Sources */,
				D2570C6724FBBCAF00BD3D24 /* AuthNotificationHandlers.swift in Sources */,
				D286B01A250BAF7600B08157 /* ChooseNearestGym+MapDelegate.swift in Sources */,
				D2CE46A824F06ED400376C81 /* AppDelegate.swift in Sources */,
				D2570C6924FBD1F400BD3D24 /* ViewControllerSwitcher.swift in Sources */,
				D2CE46C924F0816000376C81 /* SRNavigationController.swift in Sources */,
				D2D7C2732502F47700A8FDE5 /* WorkoutDatabase.swift in Sources */,
				D2570C6C24FBFB9A00BD3D24 /* WorkoutVC+UI.swift in Sources */,
				D2CE46BC24F0708D00376C81 /* SceneDelegate.swift in Sources */,
				D286F04B24F0920C007D887F /* SRTextFieldWithFloat.swift in Sources */,
				D2B3DDAA24FEEE3700936014 /* WorkoutVC+Animations.swift in Sources */,
				D2B3DDA824FEB45F00936014 /* WorkoutService.swift in Sources */,
				D229E58124F45246009AB681 /* WorkoutVC.swift in Sources */,
				D2D732BC24F2F226000B30A6 /* CurrentUserDatabase.swift in Sources */,
				D2BBF56F24FE5BAF0027C5B4 /* MapBoxService.swift in Sources */,
				D2570C4D24FADDFC00BD3D24 /* TabbarService.swift in Sources */,
				D2FAE599250E3CB300110A9E /* WorkoutTVC.swift in Sources */,
			);
			runOnlyForDeploymentPostprocessing = 0;
		};
/* End PBXSourcesBuildPhase section */

/* Begin XCBuildConfiguration section */
		D2CE46B624F06ED700376C81 /* Debug */ = {
			isa = XCBuildConfiguration;
			buildSettings = {
				ALWAYS_SEARCH_USER_PATHS = NO;
				CLANG_ANALYZER_NONNULL = YES;
				CLANG_ANALYZER_NUMBER_OBJECT_CONVERSION = YES_AGGRESSIVE;
				CLANG_CXX_LANGUAGE_STANDARD = "gnu++14";
				CLANG_CXX_LIBRARY = "libc++";
				CLANG_ENABLE_MODULES = YES;
				CLANG_ENABLE_OBJC_ARC = YES;
				CLANG_ENABLE_OBJC_WEAK = YES;
				CLANG_WARN_BLOCK_CAPTURE_AUTORELEASING = YES;
				CLANG_WARN_BOOL_CONVERSION = YES;
				CLANG_WARN_COMMA = YES;
				CLANG_WARN_CONSTANT_CONVERSION = YES;
				CLANG_WARN_DEPRECATED_OBJC_IMPLEMENTATIONS = YES;
				CLANG_WARN_DIRECT_OBJC_ISA_USAGE = YES_ERROR;
				CLANG_WARN_DOCUMENTATION_COMMENTS = YES;
				CLANG_WARN_EMPTY_BODY = YES;
				CLANG_WARN_ENUM_CONVERSION = YES;
				CLANG_WARN_INFINITE_RECURSION = YES;
				CLANG_WARN_INT_CONVERSION = YES;
				CLANG_WARN_NON_LITERAL_NULL_CONVERSION = YES;
				CLANG_WARN_OBJC_IMPLICIT_RETAIN_SELF = YES;
				CLANG_WARN_OBJC_LITERAL_CONVERSION = YES;
				CLANG_WARN_OBJC_ROOT_CLASS = YES_ERROR;
				CLANG_WARN_QUOTED_INCLUDE_IN_FRAMEWORK_HEADER = YES;
				CLANG_WARN_RANGE_LOOP_ANALYSIS = YES;
				CLANG_WARN_STRICT_PROTOTYPES = YES;
				CLANG_WARN_SUSPICIOUS_MOVE = YES;
				CLANG_WARN_UNGUARDED_AVAILABILITY = YES_AGGRESSIVE;
				CLANG_WARN_UNREACHABLE_CODE = YES;
				CLANG_WARN__DUPLICATE_METHOD_MATCH = YES;
				COPY_PHASE_STRIP = NO;
				DEBUG_INFORMATION_FORMAT = dwarf;
				ENABLE_STRICT_OBJC_MSGSEND = YES;
				ENABLE_TESTABILITY = YES;
				GCC_C_LANGUAGE_STANDARD = gnu11;
				GCC_DYNAMIC_NO_PIC = NO;
				GCC_NO_COMMON_BLOCKS = YES;
				GCC_OPTIMIZATION_LEVEL = 0;
				GCC_PREPROCESSOR_DEFINITIONS = (
					"DEBUG=1",
					"$(inherited)",
				);
				GCC_WARN_64_TO_32_BIT_CONVERSION = YES;
				GCC_WARN_ABOUT_RETURN_TYPE = YES_ERROR;
				GCC_WARN_UNDECLARED_SELECTOR = YES;
				GCC_WARN_UNINITIALIZED_AUTOS = YES_AGGRESSIVE;
				GCC_WARN_UNUSED_FUNCTION = YES;
				GCC_WARN_UNUSED_VARIABLE = YES;
				IPHONEOS_DEPLOYMENT_TARGET = 13.0;
				MTL_ENABLE_DEBUG_INFO = INCLUDE_SOURCE;
				MTL_FAST_MATH = YES;
				ONLY_ACTIVE_ARCH = YES;
				SDKROOT = iphoneos;
				SWIFT_ACTIVE_COMPILATION_CONDITIONS = DEBUG;
				SWIFT_OPTIMIZATION_LEVEL = "-Onone";
			};
			name = Debug;
		};
		D2CE46B724F06ED700376C81 /* Release */ = {
			isa = XCBuildConfiguration;
			buildSettings = {
				ALWAYS_SEARCH_USER_PATHS = NO;
				CLANG_ANALYZER_NONNULL = YES;
				CLANG_ANALYZER_NUMBER_OBJECT_CONVERSION = YES_AGGRESSIVE;
				CLANG_CXX_LANGUAGE_STANDARD = "gnu++14";
				CLANG_CXX_LIBRARY = "libc++";
				CLANG_ENABLE_MODULES = YES;
				CLANG_ENABLE_OBJC_ARC = YES;
				CLANG_ENABLE_OBJC_WEAK = YES;
				CLANG_WARN_BLOCK_CAPTURE_AUTORELEASING = YES;
				CLANG_WARN_BOOL_CONVERSION = YES;
				CLANG_WARN_COMMA = YES;
				CLANG_WARN_CONSTANT_CONVERSION = YES;
				CLANG_WARN_DEPRECATED_OBJC_IMPLEMENTATIONS = YES;
				CLANG_WARN_DIRECT_OBJC_ISA_USAGE = YES_ERROR;
				CLANG_WARN_DOCUMENTATION_COMMENTS = YES;
				CLANG_WARN_EMPTY_BODY = YES;
				CLANG_WARN_ENUM_CONVERSION = YES;
				CLANG_WARN_INFINITE_RECURSION = YES;
				CLANG_WARN_INT_CONVERSION = YES;
				CLANG_WARN_NON_LITERAL_NULL_CONVERSION = YES;
				CLANG_WARN_OBJC_IMPLICIT_RETAIN_SELF = YES;
				CLANG_WARN_OBJC_LITERAL_CONVERSION = YES;
				CLANG_WARN_OBJC_ROOT_CLASS = YES_ERROR;
				CLANG_WARN_QUOTED_INCLUDE_IN_FRAMEWORK_HEADER = YES;
				CLANG_WARN_RANGE_LOOP_ANALYSIS = YES;
				CLANG_WARN_STRICT_PROTOTYPES = YES;
				CLANG_WARN_SUSPICIOUS_MOVE = YES;
				CLANG_WARN_UNGUARDED_AVAILABILITY = YES_AGGRESSIVE;
				CLANG_WARN_UNREACHABLE_CODE = YES;
				CLANG_WARN__DUPLICATE_METHOD_MATCH = YES;
				COPY_PHASE_STRIP = NO;
				DEBUG_INFORMATION_FORMAT = "dwarf-with-dsym";
				ENABLE_NS_ASSERTIONS = NO;
				ENABLE_STRICT_OBJC_MSGSEND = YES;
				GCC_C_LANGUAGE_STANDARD = gnu11;
				GCC_NO_COMMON_BLOCKS = YES;
				GCC_WARN_64_TO_32_BIT_CONVERSION = YES;
				GCC_WARN_ABOUT_RETURN_TYPE = YES_ERROR;
				GCC_WARN_UNDECLARED_SELECTOR = YES;
				GCC_WARN_UNINITIALIZED_AUTOS = YES_AGGRESSIVE;
				GCC_WARN_UNUSED_FUNCTION = YES;
				GCC_WARN_UNUSED_VARIABLE = YES;
				IPHONEOS_DEPLOYMENT_TARGET = 13.0;
				MTL_ENABLE_DEBUG_INFO = NO;
				MTL_FAST_MATH = YES;
				SDKROOT = iphoneos;
				SWIFT_COMPILATION_MODE = wholemodule;
				SWIFT_OPTIMIZATION_LEVEL = "-O";
				VALIDATE_PRODUCT = YES;
			};
			name = Release;
		};
		D2CE46B924F06ED700376C81 /* Debug */ = {
			isa = XCBuildConfiguration;
			baseConfigurationReference = DC321CBBE44894CDBF283A97 /* Pods-ShapeRace.debug.xcconfig */;
			buildSettings = {
				ASSETCATALOG_COMPILER_APPICON_NAME = AppIcon;
				CODE_SIGN_ENTITLEMENTS = "ShapeRace/Shape Race.entitlements";
				CODE_SIGN_STYLE = Automatic;
				DEVELOPMENT_TEAM = 8427K5Y5BA;
				FRAMEWORK_SEARCH_PATHS = (
					"$(inherited)",
					"$(PROJECT_DIR)/ShapeRace/MapBox",
					"$(PROJECT_DIR)",
				);
				INFOPLIST_FILE = "$(SRCROOT)/ShapeRace/Info.plist";
				LD_RUNPATH_SEARCH_PATHS = (
					"$(inherited)",
					"@executable_path/Frameworks",
				);
				MARKETING_VERSION = 1.0.0;
				PRODUCT_BUNDLE_IDENTIFIER = Knape.ShapeRace;
				PRODUCT_NAME = "Shape Race";
				SWIFT_VERSION = 5.0;
				TARGETED_DEVICE_FAMILY = 1;
			};
			name = Debug;
		};
		D2CE46BA24F06ED700376C81 /* Release */ = {
			isa = XCBuildConfiguration;
			baseConfigurationReference = 6F803DFBD33D58B311BCAA0E /* Pods-ShapeRace.release.xcconfig */;
			buildSettings = {
				ASSETCATALOG_COMPILER_APPICON_NAME = AppIcon;
				CODE_SIGN_ENTITLEMENTS = "ShapeRace/Shape Race.entitlements";
				CODE_SIGN_STYLE = Automatic;
				DEVELOPMENT_TEAM = 8427K5Y5BA;
				FRAMEWORK_SEARCH_PATHS = (
					"$(inherited)",
					"$(PROJECT_DIR)/ShapeRace/MapBox",
					"$(PROJECT_DIR)",
				);
				INFOPLIST_FILE = "$(SRCROOT)/ShapeRace/Info.plist";
				LD_RUNPATH_SEARCH_PATHS = (
					"$(inherited)",
					"@executable_path/Frameworks",
				);
				MARKETING_VERSION = 1.0.0;
				PRODUCT_BUNDLE_IDENTIFIER = Knape.ShapeRace;
				PRODUCT_NAME = "Shape Race";
				SWIFT_VERSION = 5.0;
				TARGETED_DEVICE_FAMILY = 1;
			};
			name = Release;
		};
/* End XCBuildConfiguration section */

/* Begin XCConfigurationList section */
		D2CE469F24F06ED400376C81 /* Build configuration list for PBXProject "ShapeRace" */ = {
			isa = XCConfigurationList;
			buildConfigurations = (
				D2CE46B624F06ED700376C81 /* Debug */,
				D2CE46B724F06ED700376C81 /* Release */,
			);
			defaultConfigurationIsVisible = 0;
			defaultConfigurationName = Release;
		};
		D2CE46B824F06ED700376C81 /* Build configuration list for PBXNativeTarget "ShapeRace" */ = {
			isa = XCConfigurationList;
			buildConfigurations = (
				D2CE46B924F06ED700376C81 /* Debug */,
				D2CE46BA24F06ED700376C81 /* Release */,
			);
			defaultConfigurationIsVisible = 0;
			defaultConfigurationName = Release;
		};
/* End XCConfigurationList section */
	};
	rootObject = D2CE469C24F06ED400376C81 /* Project object */;
}
